PODS:
  - AFNetworking (4.0.1):
    - AFNetworking/NSURLSession (= 4.0.1)
    - AFNetworking/Reachability (= 4.0.1)
    - AFNetworking/Security (= 4.0.1)
    - AFNetworking/Serialization (= 4.0.1)
    - AFNetworking/UIKit (= 4.0.1)
  - AFNetworking/NSURLSession (4.0.1):
    - AFNetworking/Reachability
    - AFNetworking/Security
    - AFNetworking/Serialization
  - AFNetworking/Reachability (4.0.1)
  - AFNetworking/Security (4.0.1)
  - AFNetworking/Serialization (4.0.1)
  - AFNetworking/UIKit (4.0.1):
    - AFNetworking/NSURLSession
  - TRULogining (0.1.0):
    - TRUNetworking
  - TRUNetworking (0.2.0):
    - AFNetworking

DEPENDENCIES:
  - TRULogining (from `Lib/TRULogining`)
  - TRUNetworking

SPEC REPOS:
  https://gitee.com/mirrors/CocoaPods-Specs:
    - AFNetworking
    - TRUNetworking

EXTERNAL SOURCES:
  TRULogining:
    :path: Lib/TRULogining

SPEC CHECKSUMS:
  AFNetworking: 7864c38297c79aaca1500c33288e429c3451fdce
  TRULogining: 58ea08183ae591423f3585d50824df08282629d8
  TRUNetworking: 8abf905c31b421c2f81be6b833a3840e6d1ea20f

PODFILE CHECKSUM: 320b720f065a34f347aca26e94d38b0574eff448

COCOAPODS: 1.8.4
